
Microsoft Visual Studio Solution File, Format Version 12.00
# Visual Studio Version 16
VisualStudioVersion = 16.0.31025.194
MinimumVisualStudioVersion = 10.0.40219.1
Project("{9A19103F-16F7-4668-BE54-9A1E7A4F7556}") = "frctl", "frctl.csproj", "{02B7F0E1-E1BB-44D3-B221-2FEA6A9FD6FA}"
EndProject
Global
	GlobalSection(SolutionConfigurationPlatforms) = preSolution
		Debug|Any CPU = Debug|Any CPU
		Release|Any CPU = Release|Any CPU
	EndGlobalSection
	GlobalSection(ProjectConfigurationPlatforms) = postSolution
		{02B7F0E1-E1BB-44D3-B221-2FEA6A9FD6FA}.Debug|Any CPU.ActiveCfg = Debug|Any CPU
		{02B7F0E1-E1BB-44D3-B221-2FEA6A9FD6FA}.Debug|Any CPU.Build.0 = Debug|Any CPU
		{02B7F0E1-E1BB-44D3-B221-2FEA6A9FD6FA}.Release|Any CPU.ActiveCfg = Release|Any CPU
		{02B7F0E1-E1BB-44D3-B221-2FEA6A9FD6FA}.Release|Any CPU.Build.0 = Release|Any CPU
	EndGlobalSection
	GlobalSection(SolutionProperties) = preSolution
		HideSolutionNode = FALSE
	EndGlobalSection
	GlobalSection(ExtensibilityGlobals) = postSolution
		SolutionGuid = {D1EC897C-25B2-46FF-A520-116E9FFCE8B8}
	EndGlobalSection
EndGlobal
